// !$*UTF8*$!
{
	archiveVersion = 1;
	classes = {
	};
	objectVersion = 46;
	objects = {

/* Begin PBXBuildFile section */
		CE8F6F471CCCB3730046A7C1 /* main.cpp in Sources */ = {isa = PBXBuildFile; fileRef = CE8F6F461CCCB3730046A7C1 /* main.cpp */; };
		CE8F6F4F1CCCB4040046A7C1 /* Deep.cpp in Sources */ = {isa = PBXBuildFile; fileRef = CE8F6F4E1CCCB4040046A7C1 /* Deep.cpp */; };
/* End PBXBuildFile section */

/* Begin PBXCopyFilesBuildPhase section */
		CE8F6F411CCCB3730046A7C1 /* CopyFiles */ = {
			isa = PBXCopyFilesBuildPhase;
			buildActionMask = 2147483647;
			dstPath = /usr/share/man/man1/;
			dstSubfolderSpec = 0;
			files = (
			);
			runOnlyForDeploymentPostprocessing = 1;
		};
/* End PBXCopyFilesBuildPhase section */

/* Begin PBXFileReference section */
		CE8F6F431CCCB3730046A7C1 /* 8code */ = {isa = PBXFileReference; explicitFileType = "compiled.mach-o.executable"; includeInIndex = 0; path = 8code; sourceTree = BUILT_PRODUCTS_DIR; };
		CE8F6F461CCCB3730046A7C1 /* main.cpp */ = {isa = PBXFileReference; lastKnownFileType = sourcecode.cpp.cpp; path = main.cpp; sourceTree = "<group>"; };
		CE8F6F4D1CCCB3C70046A7C1 /* Deep.h */ = {isa = PBXFileReference; lastKnownFileType = sourcecode.c.h; path = Deep.h; sourceTree = "<group>"; };
		CE8F6F4E1CCCB4040046A7C1 /* Deep.cpp */ = {isa = PBXFileReference; fileEncoding = 4; lastKnownFileType = sourcecode.cpp.cpp; path = Deep.cpp; sourceTree = "<group>"; };
/* End PBXFileReference section */

/* Begin PBXFrameworksBuildPhase section */
		CE8F6F401CCCB3730046A7C1 /* Frameworks */ = {
			isa = PBXFrameworksBuildPhase;
			buildActionMask = 2147483647;
			files = (
			);
			runOnlyForDeploymentPostprocessing = 0;
		};
/* End PBXFrameworksBuildPhase section */

/* Begin PBXGroup section */
		CE8F6F3A1CCCB3730046A7C1 = {
			isa = PBXGroup;
			children = (
				CE8F6F451CCCB3730046A7C1 /* 8code */,
				CE8F6F441CCCB3730046A7C1 /* Products */,
			);
			sourceTree = "<group>";
		};
		CE8F6F441CCCB3730046A7C1 /* Products */ = {
			isa = PBXGroup;
			children = (
				CE8F6F431CCCB3730046A7C1 /* 8code */,
			);
			name = Products;
			sourceTree = "<group>";
		};
		CE8F6F451CCCB3730046A7C1 /* 8code */ = {
			isa = PBXGroup;
			children = (
				CE8F6F461CCCB3730046A7C1 /* main.cpp */,
				CE8F6F4D1CCCB3C70046A7C1 /* Deep.h */,
				CE8F6F4E1CCCB4040046A7C1 /* Deep.cpp */,
			);
			path = 8code;
			sourceTree = "<group>";
		};
/* End PBXGroup section */

/* Begin PBXNativeTarget section */
		CE8F6F421CCCB3730046A7C1 /* 8code */ = {
			isa = PBXNativeTarget;
			buildConfigurationList = CE8F6F4A1CCCB3730046A7C1 /* Build configuration list for PBXNativeTarget "8code" */;
			buildPhases = (
				CE8F6F3F1CCCB3730046A7C1 /* Sources */,
				CE8F6F401CCCB3730046A7C1 /* Frameworks */,
				CE8F6F411CCCB3730046A7C1 /* CopyFiles */,
			);
			buildRules = (
			);
			dependencies = (
			);
			name = 8code;
			productName = 8code;
			productReference = CE8F6F431CCCB3730046A7C1 /* 8code */;
			productType = "com.apple.product-type.tool";
		};
/* End PBXNativeTarget section */

/* Begin PBXProject section */
		CE8F6F3B1CCCB3730046A7C1 /* Project object */ = {
			isa = PBXProject;
			attributes = {
				LastUpgradeCheck = 0730;
				ORGANIZATIONNAME = "丞之";
				TargetAttributes = {
					CE8F6F421CCCB3730046A7C1 = {
						CreatedOnToolsVersion = 7.3;
					};
				};
			};
			buildConfigurationList = CE8F6F3E1CCCB3730046A7C1 /* Build configuration list for PBXProject "8code" */;
			compatibilityVersion = "Xcode 3.2";
			developmentRegion = English;
			hasScannedForEncodings = 0;
			knownRegions = (
				en,
			);
			mainGroup = CE8F6F3A1CCCB3730046A7C1;
			productRefGroup = CE8F6F441CCCB3730046A7C1 /* Products */;
			projectDirPath = "";
			projectRoot = "";
			targets = (
				CE8F6F421CCCB3730046A7C1 /* 8code */,
			);
		};
/* End PBXProject section */

/* Begin PBXSourcesBuildPhase section */
		CE8F6F3F1CCCB3730046A7C1 /* Sources */ = {
			isa = PBXSourcesBuildPhase;
			buildActionMask = 2147483647;
			files = (
				CE8F6F4F1CCCB4040046A7C1 /* Deep.cpp in Sources */,
				CE8F6F471CCCB3730046A7C1 /* main.cpp in Sources */,
			);
			runOnlyForDeploymentPostprocessing = 0;
		};
/* End PBXSourcesBuildPhase section */

/* Begin XCBuildConfiguration section */
		CE8F6F481CCCB3730046A7C1 /* Debug */ = {
			isa = XCBuildConfiguration;
			buildSettings = {
				ALWAYS_SEARCH_USER_PATHS = NO;
				CLANG_ANALYZER_NONNULL = YES;
				CLANG_CXX_LANGUAGE_STANDARD = "gnu++0x";
				CLANG_CXX_LIBRARY = "libc++";
				CLANG_ENABLE_MODULES = YES;
				CLANG_ENABLE_OBJC_ARC = YES;
				CLANG_WARN_BOOL_CONVERSION = YES;
				CLANG_WARN_CONSTANT_CONVERSION = YES;
				CLANG_WARN_DIRECT_OBJC_ISA_USAGE = YES_ERROR;
				CLANG_WARN_EMPTY_BODY = YES;
				CLANG_WARN_ENUM_CONVERSION = YES;
				CLANG_WARN_INT_CONVERSION = YES;
				CLANG_WARN_OBJC_ROOT_CLASS = YES_ERROR;
				CLANG_WARN_UNREACHABLE_CODE = YES;
				CLANG_WARN__DUPLICATE_METHOD_MATCH = YES;
				CODE_SIGN_IDENTITY = "-";
				COPY_PHASE_STRIP = NO;
				DEBUG_INFORMATION_FORMAT = dwarf;
				ENABLE_STRICT_OBJC_MSGSEND = YES;
				ENABLE_TESTABILITY = YES;
				GCC_C_LANGUAGE_STANDARD = gnu99;
				GCC_DYNAMIC_NO_PIC = NO;
				GCC_NO_COMMON_BLOCKS = YES;
				GCC_OPTIMIZATION_LEVEL = 0;
				GCC_PREPROCESSOR_DEFINITIONS = (
					"DEBUG=1",
					"$(inherited)",
				);
				GCC_WARN_64_TO_32_BIT_CONVERSION = YES;
				GCC_WARN_ABOUT_RETURN_TYPE = YES_ERROR;
				GCC_WARN_UNDECLARED_SELECTOR = YES;
				GCC_WARN_UNINITIALIZED_AUTOS = YES_AGGRESSIVE;
				GCC_WARN_UNUSED_FUNCTION = YES;
				GCC_WARN_UNUSED_VARIABLE = YES;
				MACOSX_DEPLOYMENT_TARGET = 10.11;
				MTL_ENABLE_DEBUG_INFO = YES;
				ONLY_ACTIVE_ARCH = YES;
				SDKROOT = macosx;
			};
			name = Debug;
		};
		CE8F6F491CCCB3730046A7C1 /* Release */ = {
			isa = XCBuildConfiguration;
			buildSettings = {
				ALWAYS_SEARCH_USER_PATHS = NO;
				CLANG_ANALYZER_NONNULL = YES;
				CLANG_CXX_LANGUAGE_STANDARD = "gnu++0x";
				CLANG_CXX_LIBRARY = "libc++";
				CLANG_ENABLE_MODULES = YES;
				CLANG_ENABLE_OBJC_ARC = YES;
				CLANG_WARN_BOOL_CONVERSION = YES;
				CLANG_WARN_CONSTANT_CONVERSION = YES;
				CLANG_WARN_DIRECT_OBJC_ISA_USAGE = YES_ERROR;
				CLANG_WARN_EMPTY_BODY = YES;
				CLANG_WARN_ENUM_CONVERSION = YES;
				CLANG_WARN_INT_CONVERSION = YES;
				CLANG_WARN_OBJC_ROOT_CLASS = YES_ERROR;
				CLANG_WARN_UNREACHABLE_CODE = YES;
				CLANG_WARN__DUPLICATE_METHOD_MATCH = YES;
				CODE_SIGN_IDENTITY = "-";
				COPY_PHASE_STRIP = NO;
				DEBUG_INFORMATION_FORMAT = "dwarf-with-dsym";
				ENABLE_NS_ASSERTIONS = NO;
				ENABLE_STRICT_OBJC_MSGSEND = YES;
				GCC_C_LANGUAGE_STANDARD = gnu99;
				GCC_NO_COMMON_BLOCKS = YES;
				GCC_WARN_64_TO_32_BIT_CONVERSION = YES;
				GCC_WARN_ABOUT_RETURN_TYPE = YES_ERROR;
				GCC_WARN_UNDECLARED_SELECTOR = YES;
				GCC_WARN_UNINITIALIZED_AUTOS = YES_AGGRESSIVE;
				GCC_WARN_UNUSED_FUNCTION = YES;
				GCC_WARN_UNUSED_VARIABLE = YES;
				MACOSX_DEPLOYMENT_TARGET = 10.11;
				MTL_ENABLE_DEBUG_INFO = NO;
				SDKROOT = macosx;
			};
			name = Release;
		};
		CE8F6F4B1CCCB3730046A7C1 /* Debug */ = {
			isa = XCBuildConfiguration;
			buildSettings = {
				PRODUCT_NAME = "$(TARGET_NAME)";
			};
			name = Debug;
		};
		CE8F6F4C1CCCB3730046A7C1 /* Release */ = {
			isa = XCBuildConfiguration;
			buildSettings = {
				PRODUCT_NAME = "$(TARGET_NAME)";
			};
			name = Release;
		};
/* End XCBuildConfiguration section */

/* Begin XCConfigurationList section */
		CE8F6F3E1CCCB3730046A7C1 /* Build configuration list for PBXProject "8code" */ = {
			isa = XCConfigurationList;
			buildConfigurations = (
				CE8F6F481CCCB3730046A7C1 /* Debug */,
				CE8F6F491CCCB3730046A7C1 /* Release */,
			);
			defaultConfigurationIsVisible = 0;
			defaultConfigurationName = Release;
		};
		CE8F6F4A1CCCB3730046A7C1 /* Build configuration list for PBXNativeTarget "8code" */ = {
			isa = XCConfigurationList;
			buildConfigurations = (
				CE8F6F4B1CCCB3730046A7C1 /* Debug */,
				CE8F6F4C1CCCB3730046A7C1 /* Release */,
			);
			defaultConfigurationIsVisible = 0;
		};
/* End XCConfigurationList section */
	};
	rootObject = CE8F6F3B1CCCB3730046A7C1 /* Project object */;
}
